// !$*UTF8*$!
{
	archiveVersion = 1;
	classes = {
	};
	objectVersion = 50;
	objects = {

/* Begin PBXBuildFile section */
		AB1C77B626CBD5CA0062155E /* GameStrategy.swift in Sources */ = {isa = PBXBuildFile; fileRef = AB1C77B526CBD5CA0062155E /* GameStrategy.swift */; };
		AB27C80726CFB7EE00AE5F72 /* SettingsViewController.swift in Sources */ = {isa = PBXBuildFile; fileRef = AB27C80626CFB7EE00AE5F72 /* SettingsViewController.swift */; };
		AB5443732655290700F6CC6C /* + UIColor.swift in Sources */ = {isa = PBXBuildFile; fileRef = AB5443722655290700F6CC6C /* + UIColor.swift */; };
		AB606830264B3003000EF7FD /* AppDelegate.swift in Sources */ = {isa = PBXBuildFile; fileRef = AB60682F264B3003000EF7FD /* AppDelegate.swift */; };
		AB606832264B3003000EF7FD /* SceneDelegate.swift in Sources */ = {isa = PBXBuildFile; fileRef = AB606831264B3003000EF7FD /* SceneDelegate.swift */; };
		AB606834264B3003000EF7FD /* MainViewController.swift in Sources */ = {isa = PBXBuildFile; fileRef = AB606833264B3003000EF7FD /* MainViewController.swift */; };
		AB606837264B3003000EF7FD /* Main.storyboard in Resources */ = {isa = PBXBuildFile; fileRef = AB606835264B3003000EF7FD /* Main.storyboard */; };
		AB60683A264B3003000EF7FD /* PatternsGame.xcdatamodeld in Sources */ = {isa = PBXBuildFile; fileRef = AB606838264B3003000EF7FD /* PatternsGame.xcdatamodeld */; };
		AB60683C264B3006000EF7FD /* Assets.xcassets in Resources */ = {isa = PBXBuildFile; fileRef = AB60683B264B3006000EF7FD /* Assets.xcassets */; };
		AB60683F264B3007000EF7FD /* LaunchScreen.storyboard in Resources */ = {isa = PBXBuildFile; fileRef = AB60683D264B3007000EF7FD /* LaunchScreen.storyboard */; };
		AB60684A264B3007000EF7FD /* PatternsGameTests.swift in Sources */ = {isa = PBXBuildFile; fileRef = AB606849264B3007000EF7FD /* PatternsGameTests.swift */; };
		AB606855264B3007000EF7FD /* PatternsGameUITests.swift in Sources */ = {isa = PBXBuildFile; fileRef = AB606854264B3007000EF7FD /* PatternsGameUITests.swift */; };
		AB606863264B324B000EF7FD /* Buttons.swift in Sources */ = {isa = PBXBuildFile; fileRef = AB606862264B324B000EF7FD /* Buttons.swift */; };
		AB606866264BCF1E000EF7FD /* Question.swift in Sources */ = {isa = PBXBuildFile; fileRef = AB606865264BCF1E000EF7FD /* Question.swift */; };
		AB606868264C4E7C000EF7FD /* GameViewController.swift in Sources */ = {isa = PBXBuildFile; fileRef = AB606867264C4E7C000EF7FD /* GameViewController.swift */; };
		AB60686A264C7309000EF7FD /* GameSession.swift in Sources */ = {isa = PBXBuildFile; fileRef = AB606869264C7309000EF7FD /* GameSession.swift */; };
		AB606871264EA648000EF7FD /* Game.swift in Sources */ = {isa = PBXBuildFile; fileRef = AB606870264EA648000EF7FD /* Game.swift */; };
		AB606873264EB7DD000EF7FD /* ResultsViewController.swift in Sources */ = {isa = PBXBuildFile; fileRef = AB606872264EB7DD000EF7FD /* ResultsViewController.swift */; };
		AB606875264EBA22000EF7FD /* Labels.swift in Sources */ = {isa = PBXBuildFile; fileRef = AB606874264EBA22000EF7FD /* Labels.swift */; };
		AB606877264EBB9D000EF7FD /* ResultsCell.swift in Sources */ = {isa = PBXBuildFile; fileRef = AB606876264EBB9D000EF7FD /* ResultsCell.swift */; };
		AB85E35B26FCAA3100ECEFE4 /* GameView.swift in Sources */ = {isa = PBXBuildFile; fileRef = AB85E35A26FCAA3100ECEFE4 /* GameView.swift */; };
		AB85E35F26FDEB7800ECEFE4 /* SettingsView.swift in Sources */ = {isa = PBXBuildFile; fileRef = AB85E35E26FDEB7800ECEFE4 /* SettingsView.swift */; };
		AB85E36726FE273C00ECEFE4 /* Game + Memento.swift in Sources */ = {isa = PBXBuildFile; fileRef = AB85E36626FE273C00ECEFE4 /* Game + Memento.swift */; };
		AB85E36A27035C0E00ECEFE4 /* Observable.swift in Sources */ = {isa = PBXBuildFile; fileRef = AB85E36927035C0E00ECEFE4 /* Observable.swift */; };
		AB85E36E27036EB500ECEFE4 /* MainView.swift in Sources */ = {isa = PBXBuildFile; fileRef = AB85E36D27036EB500ECEFE4 /* MainView.swift */; };
		AB85E3732703AB2400ECEFE4 /* AddQuestionViewController.swift in Sources */ = {isa = PBXBuildFile; fileRef = AB85E3722703AB2400ECEFE4 /* AddQuestionViewController.swift */; };
		ABD9EADB2703AC6B0027F5C9 /* HintsControl.swift in Sources */ = {isa = PBXBuildFile; fileRef = ABD9EADA2703AC6B0027F5C9 /* HintsControl.swift */; };
		ABD9EADE2703AD3F0027F5C9 /* AddQuestionCellView.swift in Sources */ = {isa = PBXBuildFile; fileRef = ABD9EADD2703AD3F0027F5C9 /* AddQuestionCellView.swift */; };
		ABD9EAE027046BF20027F5C9 /* AddQuestionCell.swift in Sources */ = {isa = PBXBuildFile; fileRef = ABD9EADF27046BF20027F5C9 /* AddQuestionCell.swift */; };
		ABD9EAE227048FCD0027F5C9 /* AddQuestionView.swift in Sources */ = {isa = PBXBuildFile; fileRef = ABD9EAE127048FCD0027F5C9 /* AddQuestionView.swift */; };
		ABD9EAE42704BA0D0027F5C9 /* QuestionsBuilder.swift in Sources */ = {isa = PBXBuildFile; fileRef = ABD9EAE32704BA0D0027F5C9 /* QuestionsBuilder.swift */; };
/* End PBXBuildFile section */

/* Begin PBXContainerItemProxy section */
		AB606846264B3007000EF7FD /* PBXContainerItemProxy */ = {
			isa = PBXContainerItemProxy;
			containerPortal = AB606824264B3003000EF7FD /* Project object */;
			proxyType = 1;
			remoteGlobalIDString = AB60682B264B3003000EF7FD;
			remoteInfo = PatternsGame;
		};
		AB606851264B3007000EF7FD /* PBXContainerItemProxy */ = {
			isa = PBXContainerItemProxy;
			containerPortal = AB606824264B3003000EF7FD /* Project object */;
			proxyType = 1;
			remoteGlobalIDString = AB60682B264B3003000EF7FD;
			remoteInfo = PatternsGame;
		};
/* End PBXContainerItemProxy section */

/* Begin PBXFileReference section */
		AB1C77B526CBD5CA0062155E /* GameStrategy.swift */ = {isa = PBXFileReference; lastKnownFileType = sourcecode.swift; path = GameStrategy.swift; sourceTree = "<group>"; };
		AB27C80626CFB7EE00AE5F72 /* SettingsViewController.swift */ = {isa = PBXFileReference; lastKnownFileType = sourcecode.swift; path = SettingsViewController.swift; sourceTree = "<group>"; };
		AB5443722655290700F6CC6C /* + UIColor.swift */ = {isa = PBXFileReference; lastKnownFileType = sourcecode.swift; path = "+ UIColor.swift"; sourceTree = "<group>"; };
		AB60682C264B3003000EF7FD /* PatternsGame.app */ = {isa = PBXFileReference; explicitFileType = wrapper.application; includeInIndex = 0; path = PatternsGame.app; sourceTree = BUILT_PRODUCTS_DIR; };
		AB60682F264B3003000EF7FD /* AppDelegate.swift */ = {isa = PBXFileReference; lastKnownFileType = sourcecode.swift; path = AppDelegate.swift; sourceTree = "<group>"; };
		AB606831264B3003000EF7FD /* SceneDelegate.swift */ = {isa = PBXFileReference; lastKnownFileType = sourcecode.swift; path = SceneDelegate.swift; sourceTree = "<group>"; };
		AB606833264B3003000EF7FD /* MainViewController.swift */ = {isa = PBXFileReference; lastKnownFileType = sourcecode.swift; path = MainViewController.swift; sourceTree = "<group>"; };
		AB606836264B3003000EF7FD /* Base */ = {isa = PBXFileReference; lastKnownFileType = file.storyboard; name = Base; path = Base.lproj/Main.storyboard; sourceTree = "<group>"; };
		AB606839264B3003000EF7FD /* PatternsGame.xcdatamodel */ = {isa = PBXFileReference; lastKnownFileType = wrapper.xcdatamodel; path = PatternsGame.xcdatamodel; sourceTree = "<group>"; };
		AB60683B264B3006000EF7FD /* Assets.xcassets */ = {isa = PBXFileReference; lastKnownFileType = folder.assetcatalog; path = Assets.xcassets; sourceTree = "<group>"; };
		AB60683E264B3007000EF7FD /* Base */ = {isa = PBXFileReference; lastKnownFileType = file.storyboard; name = Base; path = Base.lproj/LaunchScreen.storyboard; sourceTree = "<group>"; };
		AB606840264B3007000EF7FD /* Info.plist */ = {isa = PBXFileReference; lastKnownFileType = text.plist.xml; path = Info.plist; sourceTree = "<group>"; };
		AB606845264B3007000EF7FD /* PatternsGameTests.xctest */ = {isa = PBXFileReference; explicitFileType = wrapper.cfbundle; includeInIndex = 0; path = PatternsGameTests.xctest; sourceTree = BUILT_PRODUCTS_DIR; };
		AB606849264B3007000EF7FD /* PatternsGameTests.swift */ = {isa = PBXFileReference; lastKnownFileType = sourcecode.swift; path = PatternsGameTests.swift; sourceTree = "<group>"; };
		AB60684B264B3007000EF7FD /* Info.plist */ = {isa = PBXFileReference; lastKnownFileType = text.plist.xml; path = Info.plist; sourceTree = "<group>"; };
		AB606850264B3007000EF7FD /* PatternsGameUITests.xctest */ = {isa = PBXFileReference; explicitFileType = wrapper.cfbundle; includeInIndex = 0; path = PatternsGameUITests.xctest; sourceTree = BUILT_PRODUCTS_DIR; };
		AB606854264B3007000EF7FD /* PatternsGameUITests.swift */ = {isa = PBXFileReference; lastKnownFileType = sourcecode.swift; path = PatternsGameUITests.swift; sourceTree = "<group>"; };
		AB606856264B3007000EF7FD /* Info.plist */ = {isa = PBXFileReference; lastKnownFileType = text.plist.xml; path = Info.plist; sourceTree = "<group>"; };
		AB606862264B324B000EF7FD /* Buttons.swift */ = {isa = PBXFileReference; lastKnownFileType = sourcecode.swift; path = Buttons.swift; sourceTree = "<group>"; };
		AB606865264BCF1E000EF7FD /* Question.swift */ = {isa = PBXFileReference; lastKnownFileType = sourcecode.swift; path = Question.swift; sourceTree = "<group>"; };
		AB606867264C4E7C000EF7FD /* GameViewController.swift */ = {isa = PBXFileReference; lastKnownFileType = sourcecode.swift; path = GameViewController.swift; sourceTree = "<group>"; };
		AB606869264C7309000EF7FD /* GameSession.swift */ = {isa = PBXFileReference; lastKnownFileType = sourcecode.swift; path = GameSession.swift; sourceTree = "<group>"; };
		AB606870264EA648000EF7FD /* Game.swift */ = {isa = PBXFileReference; lastKnownFileType = sourcecode.swift; path = Game.swift; sourceTree = "<group>"; };
		AB606872264EB7DD000EF7FD /* ResultsViewController.swift */ = {isa = PBXFileReference; lastKnownFileType = sourcecode.swift; path = ResultsViewController.swift; sourceTree = "<group>"; };
		AB606874264EBA22000EF7FD /* Labels.swift */ = {isa = PBXFileReference; lastKnownFileType = sourcecode.swift; path = Labels.swift; sourceTree = "<group>"; };
		AB606876264EBB9D000EF7FD /* ResultsCell.swift */ = {isa = PBXFileReference; lastKnownFileType = sourcecode.swift; path = ResultsCell.swift; sourceTree = "<group>"; };
		AB85E35A26FCAA3100ECEFE4 /* GameView.swift */ = {isa = PBXFileReference; lastKnownFileType = sourcecode.swift; path = GameView.swift; sourceTree = "<group>"; };
		AB85E35E26FDEB7800ECEFE4 /* SettingsView.swift */ = {isa = PBXFileReference; lastKnownFileType = sourcecode.swift; path = SettingsView.swift; sourceTree = "<group>"; };
		AB85E36626FE273C00ECEFE4 /* Game + Memento.swift */ = {isa = PBXFileReference; lastKnownFileType = sourcecode.swift; path = "Game + Memento.swift"; sourceTree = "<group>"; };
		AB85E36927035C0E00ECEFE4 /* Observable.swift */ = {isa = PBXFileReference; lastKnownFileType = sourcecode.swift; path = Observable.swift; sourceTree = "<group>"; };
		AB85E36D27036EB500ECEFE4 /* MainView.swift */ = {isa = PBXFileReference; lastKnownFileType = sourcecode.swift; path = MainView.swift; sourceTree = "<group>"; };
		AB85E3722703AB2400ECEFE4 /* AddQuestionViewController.swift */ = {isa = PBXFileReference; lastKnownFileType = sourcecode.swift; path = AddQuestionViewController.swift; sourceTree = "<group>"; };
		ABD9EADA2703AC6B0027F5C9 /* HintsControl.swift */ = {isa = PBXFileReference; fileEncoding = 4; lastKnownFileType = sourcecode.swift; path = HintsControl.swift; sourceTree = "<group>"; };
		ABD9EADD2703AD3F0027F5C9 /* AddQuestionCellView.swift */ = {isa = PBXFileReference; lastKnownFileType = sourcecode.swift; path = AddQuestionCellView.swift; sourceTree = "<group>"; };
		ABD9EADF27046BF20027F5C9 /* AddQuestionCell.swift */ = {isa = PBXFileReference; lastKnownFileType = sourcecode.swift; path = AddQuestionCell.swift; sourceTree = "<group>"; };
		ABD9EAE127048FCD0027F5C9 /* AddQuestionView.swift */ = {isa = PBXFileReference; lastKnownFileType = sourcecode.swift; path = AddQuestionView.swift; sourceTree = "<group>"; };
		ABD9EAE32704BA0D0027F5C9 /* QuestionsBuilder.swift */ = {isa = PBXFileReference; lastKnownFileType = sourcecode.swift; path = QuestionsBuilder.swift; sourceTree = "<group>"; };
/* End PBXFileReference section */

/* Begin PBXFrameworksBuildPhase section */
		AB606829264B3003000EF7FD /* Frameworks */ = {
			isa = PBXFrameworksBuildPhase;
			buildActionMask = 2147483647;
			files = (
			);
			runOnlyForDeploymentPostprocessing = 0;
		};
		AB606842264B3007000EF7FD /* Frameworks */ = {
			isa = PBXFrameworksBuildPhase;
			buildActionMask = 2147483647;
			files = (
			);
			runOnlyForDeploymentPostprocessing = 0;
		};
		AB60684D264B3007000EF7FD /* Frameworks */ = {
			isa = PBXFrameworksBuildPhase;
			buildActionMask = 2147483647;
			files = (
			);
			runOnlyForDeploymentPostprocessing = 0;
		};
/* End PBXFrameworksBuildPhase section */

/* Begin PBXGroup section */
		AB1C77B426CBD58B0062155E /* GameStrategy */ = {
			isa = PBXGroup;
			children = (
				AB1C77B526CBD5CA0062155E /* GameStrategy.swift */,
			);
			path = GameStrategy;
			sourceTree = "<group>";
		};
		AB27C80526CFB7DC00AE5F72 /* Settings */ = {
			isa = PBXGroup;
			children = (
				AB85E35D26FDEB3200ECEFE4 /* View */,
				AB85E35C26FDEABB00ECEFE4 /* Controller */,
			);
			path = Settings;
			sourceTree = "<group>";
		};
		AB606823264B3003000EF7FD = {
			isa = PBXGroup;
			children = (
				AB60682E264B3003000EF7FD /* PatternsGame */,
				AB606848264B3007000EF7FD /* PatternsGameTests */,
				AB606853264B3007000EF7FD /* PatternsGameUITests */,
				AB60682D264B3003000EF7FD /* Products */,
			);
			sourceTree = "<group>";
		};
		AB60682D264B3003000EF7FD /* Products */ = {
			isa = PBXGroup;
			children = (
				AB60682C264B3003000EF7FD /* PatternsGame.app */,
				AB606845264B3007000EF7FD /* PatternsGameTests.xctest */,
				AB606850264B3007000EF7FD /* PatternsGameUITests.xctest */,
			);
			name = Products;
			sourceTree = "<group>";
		};
		AB60682E264B3003000EF7FD /* PatternsGame */ = {
			isa = PBXGroup;
			children = (
				AB85E36827035BFC00ECEFE4 /* Helpers */,
				AB85E36F2703AACD00ECEFE4 /* Moduls */,
				AB606840264B3007000EF7FD /* Info.plist */,
				AB60686C264EA37E000EF7FD /* Objects */,
				AB60686B264EA359000EF7FD /* Fundamental */,
				AB606864264BCF0B000EF7FD /* Model */,
				AB60683B264B3006000EF7FD /* Assets.xcassets */,
				AB5443722655290700F6CC6C /* + UIColor.swift */,
			);
			path = PatternsGame;
			sourceTree = "<group>";
		};
		AB606848264B3007000EF7FD /* PatternsGameTests */ = {
			isa = PBXGroup;
			children = (
				AB606849264B3007000EF7FD /* PatternsGameTests.swift */,
				AB60684B264B3007000EF7FD /* Info.plist */,
			);
			path = PatternsGameTests;
			sourceTree = "<group>";
		};
		AB606853264B3007000EF7FD /* PatternsGameUITests */ = {
			isa = PBXGroup;
			children = (
				AB606854264B3007000EF7FD /* PatternsGameUITests.swift */,
				AB606856264B3007000EF7FD /* Info.plist */,
			);
			path = PatternsGameUITests;
			sourceTree = "<group>";
		};
		AB606864264BCF0B000EF7FD /* Model */ = {
			isa = PBXGroup;
			children = (
				AB606865264BCF1E000EF7FD /* Question.swift */,
			);
			path = Model;
			sourceTree = "<group>";
		};
		AB60686B264EA359000EF7FD /* Fundamental */ = {
			isa = PBXGroup;
			children = (
				AB606835264B3003000EF7FD /* Main.storyboard */,
				AB606831264B3003000EF7FD /* SceneDelegate.swift */,
				AB60683D264B3007000EF7FD /* LaunchScreen.storyboard */,
				AB606838264B3003000EF7FD /* PatternsGame.xcdatamodeld */,
				AB60682F264B3003000EF7FD /* AppDelegate.swift */,
			);
			path = Fundamental;
			sourceTree = "<group>";
		};
		AB60686C264EA37E000EF7FD /* Objects */ = {
			isa = PBXGroup;
			children = (
				AB606862264B324B000EF7FD /* Buttons.swift */,
				AB606874264EBA22000EF7FD /* Labels.swift */,
			);
			path = Objects;
			sourceTree = "<group>";
		};
		AB60686E264EA433000EF7FD /* Main */ = {
			isa = PBXGroup;
			children = (
				AB85E36C27036E5A00ECEFE4 /* Controller */,
				AB85E36B27036E4C00ECEFE4 /* View */,
			);
			path = Main;
			sourceTree = "<group>";
		};
		AB60686F264EA44B000EF7FD /* Results */ = {
			isa = PBXGroup;
			children = (
				AB606872264EB7DD000EF7FD /* ResultsViewController.swift */,
				AB606876264EBB9D000EF7FD /* ResultsCell.swift */,
			);
			path = Results;
			sourceTree = "<group>";
		};
		AB85E35926FCA98300ECEFE4 /* Ingame */ = {
			isa = PBXGroup;
			children = (
				AB85E36326FE0E4500ECEFE4 /* Hints */,
				AB1C77B426CBD58B0062155E /* GameStrategy */,
				AB606867264C4E7C000EF7FD /* GameViewController.swift */,
				AB606870264EA648000EF7FD /* Game.swift */,
				AB85E36626FE273C00ECEFE4 /* Game + Memento.swift */,
				AB606869264C7309000EF7FD /* GameSession.swift */,
				AB85E35A26FCAA3100ECEFE4 /* GameView.swift */,
			);
			path = Ingame;
			sourceTree = "<group>";
		};
		AB85E35C26FDEABB00ECEFE4 /* Controller */ = {
			isa = PBXGroup;
			children = (
				AB27C80626CFB7EE00AE5F72 /* SettingsViewController.swift */,
			);
			path = Controller;
			sourceTree = "<group>";
		};
		AB85E35D26FDEB3200ECEFE4 /* View */ = {
			isa = PBXGroup;
			children = (
				AB85E35E26FDEB7800ECEFE4 /* SettingsView.swift */,
			);
			path = View;
			sourceTree = "<group>";
		};
		AB85E36326FE0E4500ECEFE4 /* Hints */ = {
			isa = PBXGroup;
			children = (
				ABD9EADA2703AC6B0027F5C9 /* HintsControl.swift */,
			);
			path = Hints;
			sourceTree = "<group>";
		};
		AB85E36827035BFC00ECEFE4 /* Helpers */ = {
			isa = PBXGroup;
			children = (
				AB85E36927035C0E00ECEFE4 /* Observable.swift */,
				ABD9EAE32704BA0D0027F5C9 /* QuestionsBuilder.swift */,
			);
			path = Helpers;
			sourceTree = "<group>";
		};
		AB85E36B27036E4C00ECEFE4 /* View */ = {
			isa = PBXGroup;
			children = (
				AB85E36D27036EB500ECEFE4 /* MainView.swift */,
			);
			path = View;
			sourceTree = "<group>";
		};
		AB85E36C27036E5A00ECEFE4 /* Controller */ = {
			isa = PBXGroup;
			children = (
				AB606833264B3003000EF7FD /* MainViewController.swift */,
			);
			path = Controller;
			sourceTree = "<group>";
		};
		AB85E36F2703AACD00ECEFE4 /* Moduls */ = {
			isa = PBXGroup;
			children = (
				AB85E3702703AAEB00ECEFE4 /* AddQuestion */,
				AB60686E264EA433000EF7FD /* Main */,
				AB60686F264EA44B000EF7FD /* Results */,
				AB27C80526CFB7DC00AE5F72 /* Settings */,
				AB85E35926FCA98300ECEFE4 /* Ingame */,
			);
			path = Moduls;
			sourceTree = "<group>";
		};
		AB85E3702703AAEB00ECEFE4 /* AddQuestion */ = {
			isa = PBXGroup;
			children = (
				ABD9EADC2703ACEB0027F5C9 /* View */,
				AB85E3712703AB0000ECEFE4 /* Controller */,
			);
			path = AddQuestion;
			sourceTree = "<group>";
		};
		AB85E3712703AB0000ECEFE4 /* Controller */ = {
			isa = PBXGroup;
			children = (
				AB85E3722703AB2400ECEFE4 /* AddQuestionViewController.swift */,
			);
			path = Controller;
			sourceTree = "<group>";
		};
		ABD9EADC2703ACEB0027F5C9 /* View */ = {
			isa = PBXGroup;
			children = (
				ABD9EADD2703AD3F0027F5C9 /* AddQuestionCellView.swift */,
				ABD9EADF27046BF20027F5C9 /* AddQuestionCell.swift */,
				ABD9EAE127048FCD0027F5C9 /* AddQuestionView.swift */,
			);
			path = View;
			sourceTree = "<group>";
		};
/* End PBXGroup section */

/* Begin PBXNativeTarget section */
		AB60682B264B3003000EF7FD /* PatternsGame */ = {
			isa = PBXNativeTarget;
			buildConfigurationList = AB606859264B3007000EF7FD /* Build configuration list for PBXNativeTarget "PatternsGame" */;
			buildPhases = (
				AB606828264B3003000EF7FD /* Sources */,
				AB606829264B3003000EF7FD /* Frameworks */,
				AB60682A264B3003000EF7FD /* Resources */,
			);
			buildRules = (
			);
			dependencies = (
			);
			name = PatternsGame;
			productName = PatternsGame;
			productReference = AB60682C264B3003000EF7FD /* PatternsGame.app */;
			productType = "com.apple.product-type.application";
		};
		AB606844264B3007000EF7FD /* PatternsGameTests */ = {
			isa = PBXNativeTarget;
			buildConfigurationList = AB60685C264B3007000EF7FD /* Build configuration list for PBXNativeTarget "PatternsGameTests" */;
			buildPhases = (
				AB606841264B3007000EF7FD /* Sources */,
				AB606842264B3007000EF7FD /* Frameworks */,
				AB606843264B3007000EF7FD /* Resources */,
			);
			buildRules = (
			);
			dependencies = (
				AB606847264B3007000EF7FD /* PBXTargetDependency */,
			);
			name = PatternsGameTests;
			productName = PatternsGameTests;
			productReference = AB606845264B3007000EF7FD /* PatternsGameTests.xctest */;
			productType = "com.apple.product-type.bundle.unit-test";
		};
		AB60684F264B3007000EF7FD /* PatternsGameUITests */ = {
			isa = PBXNativeTarget;
			buildConfigurationList = AB60685F264B3007000EF7FD /* Build configuration list for PBXNativeTarget "PatternsGameUITests" */;
			buildPhases = (
				AB60684C264B3007000EF7FD /* Sources */,
				AB60684D264B3007000EF7FD /* Frameworks */,
				AB60684E264B3007000EF7FD /* Resources */,
			);
			buildRules = (
			);
			dependencies = (
				AB606852264B3007000EF7FD /* PBXTargetDependency */,
			);
			name = PatternsGameUITests;
			productName = PatternsGameUITests;
			productReference = AB606850264B3007000EF7FD /* PatternsGameUITests.xctest */;
			productType = "com.apple.product-type.bundle.ui-testing";
		};
/* End PBXNativeTarget section */

/* Begin PBXProject section */
		AB606824264B3003000EF7FD /* Project object */ = {
			isa = PBXProject;
			attributes = {
				LastSwiftUpdateCheck = 1250;
				LastUpgradeCheck = 1250;
				TargetAttributes = {
					AB60682B264B3003000EF7FD = {
						CreatedOnToolsVersion = 12.5;
					};
					AB606844264B3007000EF7FD = {
						CreatedOnToolsVersion = 12.5;
						TestTargetID = AB60682B264B3003000EF7FD;
					};
					AB60684F264B3007000EF7FD = {
						CreatedOnToolsVersion = 12.5;
						TestTargetID = AB60682B264B3003000EF7FD;
					};
				};
			};
			buildConfigurationList = AB606827264B3003000EF7FD /* Build configuration list for PBXProject "PatternsGame" */;
			compatibilityVersion = "Xcode 9.3";
			developmentRegion = en;
			hasScannedForEncodings = 0;
			knownRegions = (
				en,
				Base,
			);
			mainGroup = AB606823264B3003000EF7FD;
			productRefGroup = AB60682D264B3003000EF7FD /* Products */;
			projectDirPath = "";
			projectRoot = "";
			targets = (
				AB60682B264B3003000EF7FD /* PatternsGame */,
				AB606844264B3007000EF7FD /* PatternsGameTests */,
				AB60684F264B3007000EF7FD /* PatternsGameUITests */,
			);
		};
/* End PBXProject section */

/* Begin PBXResourcesBuildPhase section */
		AB60682A264B3003000EF7FD /* Resources */ = {
			isa = PBXResourcesBuildPhase;
			buildActionMask = 2147483647;
			files = (
				AB60683F264B3007000EF7FD /* LaunchScreen.storyboard in Resources */,
				AB60683C264B3006000EF7FD /* Assets.xcassets in Resources */,
				AB606837264B3003000EF7FD /* Main.storyboard in Resources */,
			);
			runOnlyForDeploymentPostprocessing = 0;
		};
		AB606843264B3007000EF7FD /* Resources */ = {
			isa = PBXResourcesBuildPhase;
			buildActionMask = 2147483647;
			files = (
			);
			runOnlyForDeploymentPostprocessing = 0;
		};
		AB60684E264B3007000EF7FD /* Resources */ = {
			isa = PBXResourcesBuildPhase;
			buildActionMask = 2147483647;
			files = (
			);
			runOnlyForDeploymentPostprocessing = 0;
		};
/* End PBXResourcesBuildPhase section */

/* Begin PBXSourcesBuildPhase section */
		AB606828264B3003000EF7FD /* Sources */ = {
			isa = PBXSourcesBuildPhase;
			buildActionMask = 2147483647;
			files = (
				AB606868264C4E7C000EF7FD /* GameViewController.swift in Sources */,
				ABD9EAE027046BF20027F5C9 /* AddQuestionCell.swift in Sources */,
				AB85E36E27036EB500ECEFE4 /* MainView.swift in Sources */,
				ABD9EAE227048FCD0027F5C9 /* AddQuestionView.swift in Sources */,
				AB85E36726FE273C00ECEFE4 /* Game + Memento.swift in Sources */,
				AB606871264EA648000EF7FD /* Game.swift in Sources */,
				AB606877264EBB9D000EF7FD /* ResultsCell.swift in Sources */,
				AB85E35F26FDEB7800ECEFE4 /* SettingsView.swift in Sources */,
				AB60683A264B3003000EF7FD /* PatternsGame.xcdatamodeld in Sources */,
				AB606873264EB7DD000EF7FD /* ResultsViewController.swift in Sources */,
				AB85E35B26FCAA3100ECEFE4 /* GameView.swift in Sources */,
				ABD9EAE42704BA0D0027F5C9 /* QuestionsBuilder.swift in Sources */,
				ABD9EADE2703AD3F0027F5C9 /* AddQuestionCellView.swift in Sources */,
				AB27C80726CFB7EE00AE5F72 /* SettingsViewController.swift in Sources */,
				AB60686A264C7309000EF7FD /* GameSession.swift in Sources */,
				AB5443732655290700F6CC6C /* + UIColor.swift in Sources */,
				AB606834264B3003000EF7FD /* MainViewController.swift in Sources */,
				AB606830264B3003000EF7FD /* AppDelegate.swift in Sources */,
				ABD9EADB2703AC6B0027F5C9 /* HintsControl.swift in Sources */,
				AB606866264BCF1E000EF7FD /* Question.swift in Sources */,
				AB85E3732703AB2400ECEFE4 /* AddQuestionViewController.swift in Sources */,
				AB606863264B324B000EF7FD /* Buttons.swift in Sources */,
				AB85E36A27035C0E00ECEFE4 /* Observable.swift in Sources */,
				AB606832264B3003000EF7FD /* SceneDelegate.swift in Sources */,
				AB606875264EBA22000EF7FD /* Labels.swift in Sources */,
				AB1C77B626CBD5CA0062155E /* GameStrategy.swift in Sources */,
			);
			runOnlyForDeploymentPostprocessing = 0;
		};
		AB606841264B3007000EF7FD /* Sources */ = {
			isa = PBXSourcesBuildPhase;
			buildActionMask = 2147483647;
			files = (
				AB60684A264B3007000EF7FD /* PatternsGameTests.swift in Sources */,
			);
			runOnlyForDeploymentPostprocessing = 0;
		};
		AB60684C264B3007000EF7FD /* Sources */ = {
			isa = PBXSourcesBuildPhase;
			buildActionMask = 2147483647;
			files = (
				AB606855264B3007000EF7FD /* PatternsGameUITests.swift in Sources */,
			);
			runOnlyForDeploymentPostprocessing = 0;
		};
/* End PBXSourcesBuildPhase section */

/* Begin PBXTargetDependency section */
		AB606847264B3007000EF7FD /* PBXTargetDependency */ = {
			isa = PBXTargetDependency;
			target = AB60682B264B3003000EF7FD /* PatternsGame */;
			targetProxy = AB606846264B3007000EF7FD /* PBXContainerItemProxy */;
		};
		AB606852264B3007000EF7FD /* PBXTargetDependency */ = {
			isa = PBXTargetDependency;
			target = AB60682B264B3003000EF7FD /* PatternsGame */;
			targetProxy = AB606851264B3007000EF7FD /* PBXContainerItemProxy */;
		};
/* End PBXTargetDependency section */

/* Begin PBXVariantGroup section */
		AB606835264B3003000EF7FD /* Main.storyboard */ = {
			isa = PBXVariantGroup;
			children = (
				AB606836264B3003000EF7FD /* Base */,
			);
			name = Main.storyboard;
			sourceTree = "<group>";
		};
		AB60683D264B3007000EF7FD /* LaunchScreen.storyboard */ = {
			isa = PBXVariantGroup;
			children = (
				AB60683E264B3007000EF7FD /* Base */,
			);
			name = LaunchScreen.storyboard;
			sourceTree = "<group>";
		};
/* End PBXVariantGroup section */

/* Begin XCBuildConfiguration section */
		AB606857264B3007000EF7FD /* Debug */ = {
			isa = XCBuildConfiguration;
			buildSettings = {
				ALWAYS_SEARCH_USER_PATHS = NO;
				CLANG_ANALYZER_NONNULL = YES;
				CLANG_ANALYZER_NUMBER_OBJECT_CONVERSION = YES_AGGRESSIVE;
				CLANG_CXX_LANGUAGE_STANDARD = "gnu++14";
				CLANG_CXX_LIBRARY = "libc++";
				CLANG_ENABLE_MODULES = YES;
				CLANG_ENABLE_OBJC_ARC = YES;
				CLANG_ENABLE_OBJC_WEAK = YES;
				CLANG_WARN_BLOCK_CAPTURE_AUTORELEASING = YES;
				CLANG_WARN_BOOL_CONVERSION = YES;
				CLANG_WARN_COMMA = YES;
				CLANG_WARN_CONSTANT_CONVERSION = YES;
				CLANG_WARN_DEPRECATED_OBJC_IMPLEMENTATIONS = YES;
				CLANG_WARN_DIRECT_OBJC_ISA_USAGE = YES_ERROR;
				CLANG_WARN_DOCUMENTATION_COMMENTS = YES;
				CLANG_WARN_EMPTY_BODY = YES;
				CLANG_WARN_ENUM_CONVERSION = YES;
				CLANG_WARN_INFINITE_RECURSION = YES;
				CLANG_WARN_INT_CONVERSION = YES;
				CLANG_WARN_NON_LITERAL_NULL_CONVERSION = YES;
				CLANG_WARN_OBJC_IMPLICIT_RETAIN_SELF = YES;
				CLANG_WARN_OBJC_LITERAL_CONVERSION = YES;
				CLANG_WARN_OBJC_ROOT_CLASS = YES_ERROR;
				CLANG_WARN_QUOTED_INCLUDE_IN_FRAMEWORK_HEADER = YES;
				CLANG_WARN_RANGE_LOOP_ANALYSIS = YES;
				CLANG_WARN_STRICT_PROTOTYPES = YES;
				CLANG_WARN_SUSPICIOUS_MOVE = YES;
				CLANG_WARN_UNGUARDED_AVAILABILITY = YES_AGGRESSIVE;
				CLANG_WARN_UNREACHABLE_CODE = YES;
				CLANG_WARN__DUPLICATE_METHOD_MATCH = YES;
				COPY_PHASE_STRIP = NO;
				DEBUG_INFORMATION_FORMAT = dwarf;
				ENABLE_STRICT_OBJC_MSGSEND = YES;
				ENABLE_TESTABILITY = YES;
				GCC_C_LANGUAGE_STANDARD = gnu11;
				GCC_DYNAMIC_NO_PIC = NO;
				GCC_NO_COMMON_BLOCKS = YES;
				GCC_OPTIMIZATION_LEVEL = 0;
				GCC_PREPROCESSOR_DEFINITIONS = (
					"DEBUG=1",
					"$(inherited)",
				);
				GCC_WARN_64_TO_32_BIT_CONVERSION = YES;
				GCC_WARN_ABOUT_RETURN_TYPE = YES_ERROR;
				GCC_WARN_UNDECLARED_SELECTOR = YES;
				GCC_WARN_UNINITIALIZED_AUTOS = YES_AGGRESSIVE;
				GCC_WARN_UNUSED_FUNCTION = YES;
				GCC_WARN_UNUSED_VARIABLE = YES;
				IPHONEOS_DEPLOYMENT_TARGET = 14.5;
				MTL_ENABLE_DEBUG_INFO = INCLUDE_SOURCE;
				MTL_FAST_MATH = YES;
				ONLY_ACTIVE_ARCH = YES;
				SDKROOT = iphoneos;
				SWIFT_ACTIVE_COMPILATION_CONDITIONS = DEBUG;
				SWIFT_OPTIMIZATION_LEVEL = "-Onone";
			};
			name = Debug;
		};
		AB606858264B3007000EF7FD /* Release */ = {
			isa = XCBuildConfiguration;
			buildSettings = {
				ALWAYS_SEARCH_USER_PATHS = NO;
				CLANG_ANALYZER_NONNULL = YES;
				CLANG_ANALYZER_NUMBER_OBJECT_CONVERSION = YES_AGGRESSIVE;
				CLANG_CXX_LANGUAGE_STANDARD = "gnu++14";
				CLANG_CXX_LIBRARY = "libc++";
				CLANG_ENABLE_MODULES = YES;
				CLANG_ENABLE_OBJC_ARC = YES;
				CLANG_ENABLE_OBJC_WEAK = YES;
				CLANG_WARN_BLOCK_CAPTURE_AUTORELEASING = YES;
				CLANG_WARN_BOOL_CONVERSION = YES;
				CLANG_WARN_COMMA = YES;
				CLANG_WARN_CONSTANT_CONVERSION = YES;
				CLANG_WARN_DEPRECATED_OBJC_IMPLEMENTATIONS = YES;
				CLANG_WARN_DIRECT_OBJC_ISA_USAGE = YES_ERROR;
				CLANG_WARN_DOCUMENTATION_COMMENTS = YES;
				CLANG_WARN_EMPTY_BODY = YES;
				CLANG_WARN_ENUM_CONVERSION = YES;
				CLANG_WARN_INFINITE_RECURSION = YES;
				CLANG_WARN_INT_CONVERSION = YES;
				CLANG_WARN_NON_LITERAL_NULL_CONVERSION = YES;
				CLANG_WARN_OBJC_IMPLICIT_RETAIN_SELF = YES;
				CLANG_WARN_OBJC_LITERAL_CONVERSION = YES;
				CLANG_WARN_OBJC_ROOT_CLASS = YES_ERROR;
				CLANG_WARN_QUOTED_INCLUDE_IN_FRAMEWORK_HEADER = YES;
				CLANG_WARN_RANGE_LOOP_ANALYSIS = YES;
				CLANG_WARN_STRICT_PROTOTYPES = YES;
				CLANG_WARN_SUSPICIOUS_MOVE = YES;
				CLANG_WARN_UNGUARDED_AVAILABILITY = YES_AGGRESSIVE;
				CLANG_WARN_UNREACHABLE_CODE = YES;
				CLANG_WARN__DUPLICATE_METHOD_MATCH = YES;
				COPY_PHASE_STRIP = NO;
				DEBUG_INFORMATION_FORMAT = "dwarf-with-dsym";
				ENABLE_NS_ASSERTIONS = NO;
				ENABLE_STRICT_OBJC_MSGSEND = YES;
				GCC_C_LANGUAGE_STANDARD = gnu11;
				GCC_NO_COMMON_BLOCKS = YES;
				GCC_WARN_64_TO_32_BIT_CONVERSION = YES;
				GCC_WARN_ABOUT_RETURN_TYPE = YES_ERROR;
				GCC_WARN_UNDECLARED_SELECTOR = YES;
				GCC_WARN_UNINITIALIZED_AUTOS = YES_AGGRESSIVE;
				GCC_WARN_UNUSED_FUNCTION = YES;
				GCC_WARN_UNUSED_VARIABLE = YES;
				IPHONEOS_DEPLOYMENT_TARGET = 14.5;
				MTL_ENABLE_DEBUG_INFO = NO;
				MTL_FAST_MATH = YES;
				SDKROOT = iphoneos;
				SWIFT_COMPILATION_MODE = wholemodule;
				SWIFT_OPTIMIZATION_LEVEL = "-O";
				VALIDATE_PRODUCT = YES;
			};
			name = Release;
		};
		AB60685A264B3007000EF7FD /* Debug */ = {
			isa = XCBuildConfiguration;
			buildSettings = {
				ASSETCATALOG_COMPILER_APPICON_NAME = AppIcon;
				ASSETCATALOG_COMPILER_GLOBAL_ACCENT_COLOR_NAME = AccentColor;
				CODE_SIGN_STYLE = Automatic;
				DEVELOPMENT_TEAM = 93LWHTP5BH;
				INFOPLIST_FILE = PatternsGame/Info.plist;
				LD_RUNPATH_SEARCH_PATHS = (
					"$(inherited)",
					"@executable_path/Frameworks",
				);
				PRODUCT_BUNDLE_IDENTIFIER = rs.newhome.PatternsGame;
				PRODUCT_NAME = "$(TARGET_NAME)";
				SWIFT_VERSION = 5.0;
				TARGETED_DEVICE_FAMILY = "1,2";
			};
			name = Debug;
		};
		AB60685B264B3007000EF7FD /* Release */ = {
			isa = XCBuildConfiguration;
			buildSettings = {
				ASSETCATALOG_COMPILER_APPICON_NAME = AppIcon;
				ASSETCATALOG_COMPILER_GLOBAL_ACCENT_COLOR_NAME = AccentColor;
				CODE_SIGN_STYLE = Automatic;
				DEVELOPMENT_TEAM = 93LWHTP5BH;
				INFOPLIST_FILE = PatternsGame/Info.plist;
				LD_RUNPATH_SEARCH_PATHS = (
					"$(inherited)",
					"@executable_path/Frameworks",
				);
				PRODUCT_BUNDLE_IDENTIFIER = rs.newhome.PatternsGame;
				PRODUCT_NAME = "$(TARGET_NAME)";
				SWIFT_VERSION = 5.0;
				TARGETED_DEVICE_FAMILY = "1,2";
			};
			name = Release;
		};
		AB60685D264B3007000EF7FD /* Debug */ = {
			isa = XCBuildConfiguration;
			buildSettings = {
				ALWAYS_EMBED_SWIFT_STANDARD_LIBRARIES = YES;
				BUNDLE_LOADER = "$(TEST_HOST)";
				CODE_SIGN_STYLE = Automatic;
				DEVELOPMENT_TEAM = 93LWHTP5BH;
				INFOPLIST_FILE = PatternsGameTests/Info.plist;
				IPHONEOS_DEPLOYMENT_TARGET = 14.5;
				LD_RUNPATH_SEARCH_PATHS = (
					"$(inherited)",
					"@executable_path/Frameworks",
					"@loader_path/Frameworks",
				);
				PRODUCT_BUNDLE_IDENTIFIER = rs.newhome.PatternsGameTests;
				PRODUCT_NAME = "$(TARGET_NAME)";
				SWIFT_VERSION = 5.0;
				TARGETED_DEVICE_FAMILY = "1,2";
				TEST_HOST = "$(BUILT_PRODUCTS_DIR)/PatternsGame.app/PatternsGame";
			};
			name = Debug;
		};
		AB60685E264B3007000EF7FD /* Release */ = {
			isa = XCBuildConfiguration;
			buildSettings = {
				ALWAYS_EMBED_SWIFT_STANDARD_LIBRARIES = YES;
				BUNDLE_LOADER = "$(TEST_HOST)";
				CODE_SIGN_STYLE = Automatic;
				DEVELOPMENT_TEAM = 93LWHTP5BH;
				INFOPLIST_FILE = PatternsGameTests/Info.plist;
				IPHONEOS_DEPLOYMENT_TARGET = 14.5;
				LD_RUNPATH_SEARCH_PATHS = (
					"$(inherited)",
					"@executable_path/Frameworks",
					"@loader_path/Frameworks",
				);
				PRODUCT_BUNDLE_IDENTIFIER = rs.newhome.PatternsGameTests;
				PRODUCT_NAME = "$(TARGET_NAME)";
				SWIFT_VERSION = 5.0;
				TARGETED_DEVICE_FAMILY = "1,2";
				TEST_HOST = "$(BUILT_PRODUCTS_DIR)/PatternsGame.app/PatternsGame";
			};
			name = Release;
		};
		AB606860264B3007000EF7FD /* Debug */ = {
			isa = XCBuildConfiguration;
			buildSettings = {
				ALWAYS_EMBED_SWIFT_STANDARD_LIBRARIES = YES;
				CODE_SIGN_STYLE = Automatic;
				DEVELOPMENT_TEAM = 93LWHTP5BH;
				INFOPLIST_FILE = PatternsGameUITests/Info.plist;
				LD_RUNPATH_SEARCH_PATHS = (
					"$(inherited)",
					"@executable_path/Frameworks",
					"@loader_path/Frameworks",
				);
				PRODUCT_BUNDLE_IDENTIFIER = rs.newhome.PatternsGameUITests;
				PRODUCT_NAME = "$(TARGET_NAME)";
				SWIFT_VERSION = 5.0;
				TARGETED_DEVICE_FAMILY = "1,2";
				TEST_TARGET_NAME = PatternsGame;
			};
			name = Debug;
		};
		AB606861264B3007000EF7FD /* Release */ = {
			isa = XCBuildConfiguration;
			buildSettings = {
				ALWAYS_EMBED_SWIFT_STANDARD_LIBRARIES = YES;
				CODE_SIGN_STYLE = Automatic;
				DEVELOPMENT_TEAM = 93LWHTP5BH;
				INFOPLIST_FILE = PatternsGameUITests/Info.plist;
				LD_RUNPATH_SEARCH_PATHS = (
					"$(inherited)",
					"@executable_path/Frameworks",
					"@loader_path/Frameworks",
				);
				PRODUCT_BUNDLE_IDENTIFIER = rs.newhome.PatternsGameUITests;
				PRODUCT_NAME = "$(TARGET_NAME)";
				SWIFT_VERSION = 5.0;
				TARGETED_DEVICE_FAMILY = "1,2";
				TEST_TARGET_NAME = PatternsGame;
			};
			name = Release;
		};
/* End XCBuildConfiguration section */

/* Begin XCConfigurationList section */
		AB606827264B3003000EF7FD /* Build configuration list for PBXProject "PatternsGame" */ = {
			isa = XCConfigurationList;
			buildConfigurations = (
				AB606857264B3007000EF7FD /* Debug */,
				AB606858264B3007000EF7FD /* Release */,
			);
			defaultConfigurationIsVisible = 0;
			defaultConfigurationName = Release;
		};
		AB606859264B3007000EF7FD /* Build configuration list for PBXNativeTarget "PatternsGame" */ = {
			isa = XCConfigurationList;
			buildConfigurations = (
				AB60685A264B3007000EF7FD /* Debug */,
				AB60685B264B3007000EF7FD /* Release */,
			);
			defaultConfigurationIsVisible = 0;
			defaultConfigurationName = Release;
		};
		AB60685C264B3007000EF7FD /* Build configuration list for PBXNativeTarget "PatternsGameTests" */ = {
			isa = XCConfigurationList;
			buildConfigurations = (
				AB60685D264B3007000EF7FD /* Debug */,
				AB60685E264B3007000EF7FD /* Release */,
			);
			defaultConfigurationIsVisible = 0;
			defaultConfigurationName = Release;
		};
		AB60685F264B3007000EF7FD /* Build configuration list for PBXNativeTarget "PatternsGameUITests" */ = {
			isa = XCConfigurationList;
			buildConfigurations = (
				AB606860264B3007000EF7FD /* Debug */,
				AB606861264B3007000EF7FD /* Release */,
			);
			defaultConfigurationIsVisible = 0;
			defaultConfigurationName = Release;
		};
/* End XCConfigurationList section */

/* Begin XCVersionGroup section */
		AB606838264B3003000EF7FD /* PatternsGame.xcdatamodeld */ = {
			isa = XCVersionGroup;
			children = (
				AB606839264B3003000EF7FD /* PatternsGame.xcdatamodel */,
			);
			currentVersion = AB606839264B3003000EF7FD /* PatternsGame.xcdatamodel */;
			path = PatternsGame.xcdatamodeld;
			sourceTree = "<group>";
			versionGroupType = wrapper.xcdatamodel;
		};
/* End XCVersionGroup section */
	};
	rootObject = AB606824264B3003000EF7FD /* Project object */;
}
